uuid: 6220acbc-136a-446d-8400-c07c52a9770c
langcode: en
status: true
dependencies:
  config:
    - block_content.type.mt_dropdown_block
    - field.storage.block_content.field_mt_dropdown_block
id: block_content.mt_dropdown_block.field_mt_dropdown_block
field_name: field_mt_dropdown_block
entity_type: block_content
bundle: mt_dropdown_block
label: 'Dropdown block'
description: ''
required: true
translatable: false
default_value: {  }
default_value_callback: ''
settings:
  handler: 'default:block'
  handler_settings:
    target_bundles: null
field_type: entity_reference
